
Microsoft Visual Studio Solution File, Format Version 12.00
# Visual Studio 15
Project("{FAE04EC0-301F-11D3-BF4B-00C04F79EFBC}") = "WebApp.Android", "WebApp.Android\WebApp.Android.csproj", "{970D658E-F0D4-4E32-B3CC-555A5094A25F}"
EndProject
Project("{FAE04EC0-301F-11D3-BF4B-00C04F79EFBC}") = "WebApp.iOS", "WebApp.iOS\WebApp.iOS.csproj", "{FC97C75F-7E78-408D-BD0A-42ADF0A53DCD}"
EndProject
Project("{FAE04EC0-301F-11D3-BF4B-00C04F79EFBC}") = "WebApp", "WebApp\WebApp.csproj", "{4489FFEE-8E86-4009-B8E1-1752E42028D6}"
EndProject
Global
	GlobalSection(SolutionConfigurationPlatforms) = preSolution
		Debug|Any CPU = Debug|Any CPU
		Release|Any CPU = Release|Any CPU
		Debug|iPhoneSimulator = Debug|iPhoneSimulator
		Release|iPhoneSimulator = Release|iPhoneSimulator
		Debug|iPhone = Debug|iPhone
		Release|iPhone = Release|iPhone
	EndGlobalSection
	GlobalSection(ProjectConfigurationPlatforms) = postSolution
		{970D658E-F0D4-4E32-B3CC-555A5094A25F}.Debug|Any CPU.ActiveCfg = Debug|Any CPU
		{970D658E-F0D4-4E32-B3CC-555A5094A25F}.Debug|Any CPU.Build.0 = Debug|Any CPU
		{970D658E-F0D4-4E32-B3CC-555A5094A25F}.Release|Any CPU.ActiveCfg = Release|Any CPU
		{970D658E-F0D4-4E32-B3CC-555A5094A25F}.Release|Any CPU.Build.0 = Release|Any CPU
		{970D658E-F0D4-4E32-B3CC-555A5094A25F}.Debug|iPhoneSimulator.ActiveCfg = Debug|Any CPU
		{970D658E-F0D4-4E32-B3CC-555A5094A25F}.Debug|iPhoneSimulator.Build.0 = Debug|Any CPU
		{970D658E-F0D4-4E32-B3CC-555A5094A25F}.Release|iPhoneSimulator.ActiveCfg = Release|Any CPU
		{970D658E-F0D4-4E32-B3CC-555A5094A25F}.Release|iPhoneSimulator.Build.0 = Release|Any CPU
		{970D658E-F0D4-4E32-B3CC-555A5094A25F}.Debug|iPhone.ActiveCfg = Debug|Any CPU
		{970D658E-F0D4-4E32-B3CC-555A5094A25F}.Debug|iPhone.Build.0 = Debug|Any CPU
		{970D658E-F0D4-4E32-B3CC-555A5094A25F}.Release|iPhone.ActiveCfg = Release|Any CPU
		{970D658E-F0D4-4E32-B3CC-555A5094A25F}.Release|iPhone.Build.0 = Release|Any CPU
		{FC97C75F-7E78-408D-BD0A-42ADF0A53DCD}.Debug|Any CPU.ActiveCfg = Debug|iPhoneSimulator
		{FC97C75F-7E78-408D-BD0A-42ADF0A53DCD}.Debug|Any CPU.Build.0 = Debug|iPhoneSimulator
		{FC97C75F-7E78-408D-BD0A-42ADF0A53DCD}.Release|Any CPU.ActiveCfg = Release|iPhoneSimulator
		{FC97C75F-7E78-408D-BD0A-42ADF0A53DCD}.Release|Any CPU.Build.0 = Release|iPhoneSimulator
		{FC97C75F-7E78-408D-BD0A-42ADF0A53DCD}.Debug|iPhoneSimulator.ActiveCfg = Debug|iPhoneSimulator
		{FC97C75F-7E78-408D-BD0A-42ADF0A53DCD}.Debug|iPhoneSimulator.Build.0 = Debug|iPhoneSimulator
		{FC97C75F-7E78-408D-BD0A-42ADF0A53DCD}.Release|iPhoneSimulator.ActiveCfg = Release|iPhoneSimulator
		{FC97C75F-7E78-408D-BD0A-42ADF0A53DCD}.Release|iPhoneSimulator.Build.0 = Release|iPhoneSimulator
		{FC97C75F-7E78-408D-BD0A-42ADF0A53DCD}.Debug|iPhone.ActiveCfg = Debug|iPhone
		{FC97C75F-7E78-408D-BD0A-42ADF0A53DCD}.Debug|iPhone.Build.0 = Debug|iPhone
		{FC97C75F-7E78-408D-BD0A-42ADF0A53DCD}.Release|iPhone.ActiveCfg = Release|iPhone
		{FC97C75F-7E78-408D-BD0A-42ADF0A53DCD}.Release|iPhone.Build.0 = Release|iPhone
		{4489FFEE-8E86-4009-B8E1-1752E42028D6}.Debug|Any CPU.ActiveCfg = Debug|Any CPU
		{4489FFEE-8E86-4009-B8E1-1752E42028D6}.Debug|Any CPU.Build.0 = Debug|Any CPU
		{4489FFEE-8E86-4009-B8E1-1752E42028D6}.Release|Any CPU.ActiveCfg = Release|Any CPU
		{4489FFEE-8E86-4009-B8E1-1752E42028D6}.Release|Any CPU.Build.0 = Release|Any CPU
		{4489FFEE-8E86-4009-B8E1-1752E42028D6}.Debug|iPhoneSimulator.ActiveCfg = Debug|Any CPU
		{4489FFEE-8E86-4009-B8E1-1752E42028D6}.Debug|iPhoneSimulator.Build.0 = Debug|Any CPU
		{4489FFEE-8E86-4009-B8E1-1752E42028D6}.Release|iPhoneSimulator.ActiveCfg = Release|Any CPU
		{4489FFEE-8E86-4009-B8E1-1752E42028D6}.Release|iPhoneSimulator.Build.0 = Release|Any CPU
		{4489FFEE-8E86-4009-B8E1-1752E42028D6}.Debug|iPhone.ActiveCfg = Debug|Any CPU
		{4489FFEE-8E86-4009-B8E1-1752E42028D6}.Debug|iPhone.Build.0 = Debug|Any CPU
		{4489FFEE-8E86-4009-B8E1-1752E42028D6}.Release|iPhone.ActiveCfg = Release|Any CPU
		{4489FFEE-8E86-4009-B8E1-1752E42028D6}.Release|iPhone.Build.0 = Release|Any CPU
	EndGlobalSection
EndGlobal
